
Microsoft Visual Studio Solution File, Format Version 12.00
# Visual Studio Version 16
VisualStudioVersion = 25.0.1700.7
MinimumVisualStudioVersion = 10.0.40219.1
Project("{FAE04EC0-301F-11D3-BF4B-00C04F79EFBC}") = "BasicStructure", "BasicStructure\BasicStructure.csproj", "{D5267A73-8BCC-4216-8C46-B636AF15AA71}"
EndProject
Global
	GlobalSection(SolutionConfigurationPlatforms) = preSolution
		Debug|Any CPU = Debug|Any CPU
		Release|Any CPU = Release|Any CPU
	EndGlobalSection
	GlobalSection(ProjectConfigurationPlatforms) = postSolution
		{D5267A73-8BCC-4216-8C46-B636AF15AA71}.Debug|Any CPU.ActiveCfg = Debug|Any CPU
		{D5267A73-8BCC-4216-8C46-B636AF15AA71}.Debug|Any CPU.Build.0 = Debug|Any CPU
		{D5267A73-8BCC-4216-8C46-B636AF15AA71}.Release|Any CPU.ActiveCfg = Release|Any CPU
		{D5267A73-8BCC-4216-8C46-B636AF15AA71}.Release|Any CPU.Build.0 = Release|Any CPU
	EndGlobalSection
	GlobalSection(SolutionProperties) = preSolution
		HideSolutionNode = FALSE
	EndGlobalSection
	GlobalSection(ExtensibilityGlobals) = postSolution
		SolutionGuid = {75E957AC-52AB-454C-BDB1-6FC5D96D30D6}
	EndGlobalSection
EndGlobal
