
Microsoft Visual Studio Solution File, Format Version 12.00
# Visual Studio Version 16
VisualStudioVersion = 25.0.1700.7
MinimumVisualStudioVersion = 10.0.40219.1
Project("{FAE04EC0-301F-11D3-BF4B-00C04F79EFBC}") = "StringType", "StringType\StringType.csproj", "{8A264C12-CA6E-4AD2-B977-6518AC75452C}"
EndProject
Global
	GlobalSection(SolutionConfigurationPlatforms) = preSolution
		Debug|Any CPU = Debug|Any CPU
		Release|Any CPU = Release|Any CPU
	EndGlobalSection
	GlobalSection(ProjectConfigurationPlatforms) = postSolution
		{8A264C12-CA6E-4AD2-B977-6518AC75452C}.Debug|Any CPU.ActiveCfg = Debug|Any CPU
		{8A264C12-CA6E-4AD2-B977-6518AC75452C}.Debug|Any CPU.Build.0 = Debug|Any CPU
		{8A264C12-CA6E-4AD2-B977-6518AC75452C}.Release|Any CPU.ActiveCfg = Release|Any CPU
		{8A264C12-CA6E-4AD2-B977-6518AC75452C}.Release|Any CPU.Build.0 = Release|Any CPU
	EndGlobalSection
	GlobalSection(SolutionProperties) = preSolution
		HideSolutionNode = FALSE
	EndGlobalSection
	GlobalSection(ExtensibilityGlobals) = postSolution
		SolutionGuid = {5D21E7AB-5E88-42E4-9E6D-9834B9AA240B}
	EndGlobalSection
EndGlobal
