
Microsoft Visual Studio Solution File, Format Version 12.00
# Visual Studio Version 16
VisualStudioVersion = 25.0.1700.7
MinimumVisualStudioVersion = 10.0.40219.1
Project("{FAE04EC0-301F-11D3-BF4B-00C04F79EFBC}") = "SwitchCase", "SwitchCase\SwitchCase.csproj", "{D3694745-93B9-44B3-A655-E9FA785A09FE}"
EndProject
Global
	GlobalSection(SolutionConfigurationPlatforms) = preSolution
		Debug|Any CPU = Debug|Any CPU
		Release|Any CPU = Release|Any CPU
	EndGlobalSection
	GlobalSection(ProjectConfigurationPlatforms) = postSolution
		{D3694745-93B9-44B3-A655-E9FA785A09FE}.Debug|Any CPU.ActiveCfg = Debug|Any CPU
		{D3694745-93B9-44B3-A655-E9FA785A09FE}.Debug|Any CPU.Build.0 = Debug|Any CPU
		{D3694745-93B9-44B3-A655-E9FA785A09FE}.Release|Any CPU.ActiveCfg = Release|Any CPU
		{D3694745-93B9-44B3-A655-E9FA785A09FE}.Release|Any CPU.Build.0 = Release|Any CPU
	EndGlobalSection
	GlobalSection(SolutionProperties) = preSolution
		HideSolutionNode = FALSE
	EndGlobalSection
	GlobalSection(ExtensibilityGlobals) = postSolution
		SolutionGuid = {CBA66CE0-99D4-4BA8-BAA0-7BEAE0F39EAD}
	EndGlobalSection
EndGlobal
